
Microsoft Visual Studio Solution File, Format Version 12.00
# Visual Studio Version 16
VisualStudioVersion = 16.0.32106.194
MinimumVisualStudioVersion = 10.0.40219.1
Project("{9A19103F-16F7-4668-BE54-9A1E7A4F7556}") = "LogicaProgramacao", "LogicaProgramacao\LogicaProgramacao.csproj", "{86A66176-3399-49E9-908E-E8838005395D}"
EndProject
Project("{9A19103F-16F7-4668-BE54-9A1E7A4F7556}") = "ExpressoesAritimeticas", "ExpressoesAritimeticas\ExpressoesAritimeticas.csproj", "{6BD187F9-39AC-4E20-83A9-24EFB4499B0C}"
EndProject
Project("{9A19103F-16F7-4668-BE54-9A1E7A4F7556}") = "PrimeiroPrograma", "PrimeiroPrograma\PrimeiroPrograma.csproj", "{A5CE0C3A-4855-42A9-9FB8-40188E5096BB}"
EndProject
Project("{9A19103F-16F7-4668-BE54-9A1E7A4F7556}") = "Variaveis", "Variaveis\Variaveis.csproj", "{90877038-34D7-48E5-8973-7B2177F4513F}"
EndProject
Project("{9A19103F-16F7-4668-BE54-9A1E7A4F7556}") = "SaidadeDados", "SaidadeDados\SaidadeDados.csproj", "{03997FF1-3F5C-4732-8DC0-813EDB924986}"
EndProject
Project("{9A19103F-16F7-4668-BE54-9A1E7A4F7556}") = "Casting", "Casting\Casting.csproj", "{75143722-C08F-4E16-8A3E-7E4CD388CA4B}"
EndProject
Project("{FAE04EC0-301F-11D3-BF4B-00C04F79EFBC}") = "EentradaDeDados", "EentradaDeDados\EentradaDeDados.csproj", "{74F17E0E-58DD-47ED-B06B-0F3A7685D3C0}"
EndProject
Project("{FAE04EC0-301F-11D3-BF4B-00C04F79EFBC}") = "ExercicioDeFixacao01", "ExercicioDeFixacao01\ExercicioDeFixacao01.csproj", "{9758CD0E-8337-4FB6-81C0-0E0FACC7BBA5}"
EndProject
Global
	GlobalSection(SolutionConfigurationPlatforms) = preSolution
		Debug|Any CPU = Debug|Any CPU
		Release|Any CPU = Release|Any CPU
	EndGlobalSection
	GlobalSection(ProjectConfigurationPlatforms) = postSolution
		{86A66176-3399-49E9-908E-E8838005395D}.Debug|Any CPU.ActiveCfg = Debug|Any CPU
		{86A66176-3399-49E9-908E-E8838005395D}.Debug|Any CPU.Build.0 = Debug|Any CPU
		{86A66176-3399-49E9-908E-E8838005395D}.Release|Any CPU.ActiveCfg = Release|Any CPU
		{86A66176-3399-49E9-908E-E8838005395D}.Release|Any CPU.Build.0 = Release|Any CPU
		{6BD187F9-39AC-4E20-83A9-24EFB4499B0C}.Debug|Any CPU.ActiveCfg = Debug|Any CPU
		{6BD187F9-39AC-4E20-83A9-24EFB4499B0C}.Debug|Any CPU.Build.0 = Debug|Any CPU
		{6BD187F9-39AC-4E20-83A9-24EFB4499B0C}.Release|Any CPU.ActiveCfg = Release|Any CPU
		{6BD187F9-39AC-4E20-83A9-24EFB4499B0C}.Release|Any CPU.Build.0 = Release|Any CPU
		{A5CE0C3A-4855-42A9-9FB8-40188E5096BB}.Debug|Any CPU.ActiveCfg = Debug|Any CPU
		{A5CE0C3A-4855-42A9-9FB8-40188E5096BB}.Debug|Any CPU.Build.0 = Debug|Any CPU
		{A5CE0C3A-4855-42A9-9FB8-40188E5096BB}.Release|Any CPU.ActiveCfg = Release|Any CPU
		{A5CE0C3A-4855-42A9-9FB8-40188E5096BB}.Release|Any CPU.Build.0 = Release|Any CPU
		{90877038-34D7-48E5-8973-7B2177F4513F}.Debug|Any CPU.ActiveCfg = Debug|Any CPU
		{90877038-34D7-48E5-8973-7B2177F4513F}.Debug|Any CPU.Build.0 = Debug|Any CPU
		{90877038-34D7-48E5-8973-7B2177F4513F}.Release|Any CPU.ActiveCfg = Release|Any CPU
		{90877038-34D7-48E5-8973-7B2177F4513F}.Release|Any CPU.Build.0 = Release|Any CPU
		{03997FF1-3F5C-4732-8DC0-813EDB924986}.Debug|Any CPU.ActiveCfg = Debug|Any CPU
		{03997FF1-3F5C-4732-8DC0-813EDB924986}.Debug|Any CPU.Build.0 = Debug|Any CPU
		{03997FF1-3F5C-4732-8DC0-813EDB924986}.Release|Any CPU.ActiveCfg = Release|Any CPU
		{03997FF1-3F5C-4732-8DC0-813EDB924986}.Release|Any CPU.Build.0 = Release|Any CPU
		{75143722-C08F-4E16-8A3E-7E4CD388CA4B}.Debug|Any CPU.ActiveCfg = Debug|Any CPU
		{75143722-C08F-4E16-8A3E-7E4CD388CA4B}.Debug|Any CPU.Build.0 = Debug|Any CPU
		{75143722-C08F-4E16-8A3E-7E4CD388CA4B}.Release|Any CPU.ActiveCfg = Release|Any CPU
		{75143722-C08F-4E16-8A3E-7E4CD388CA4B}.Release|Any CPU.Build.0 = Release|Any CPU
		{74F17E0E-58DD-47ED-B06B-0F3A7685D3C0}.Debug|Any CPU.ActiveCfg = Debug|Any CPU
		{74F17E0E-58DD-47ED-B06B-0F3A7685D3C0}.Debug|Any CPU.Build.0 = Debug|Any CPU
		{74F17E0E-58DD-47ED-B06B-0F3A7685D3C0}.Release|Any CPU.ActiveCfg = Release|Any CPU
		{74F17E0E-58DD-47ED-B06B-0F3A7685D3C0}.Release|Any CPU.Build.0 = Release|Any CPU
		{9758CD0E-8337-4FB6-81C0-0E0FACC7BBA5}.Debug|Any CPU.ActiveCfg = Debug|Any CPU
		{9758CD0E-8337-4FB6-81C0-0E0FACC7BBA5}.Debug|Any CPU.Build.0 = Debug|Any CPU
		{9758CD0E-8337-4FB6-81C0-0E0FACC7BBA5}.Release|Any CPU.ActiveCfg = Release|Any CPU
		{9758CD0E-8337-4FB6-81C0-0E0FACC7BBA5}.Release|Any CPU.Build.0 = Release|Any CPU
	EndGlobalSection
	GlobalSection(SolutionProperties) = preSolution
		HideSolutionNode = FALSE
	EndGlobalSection
	GlobalSection(ExtensibilityGlobals) = postSolution
		SolutionGuid = {69965AE8-DC43-4A17-A7E5-1690EC1A9985}
	EndGlobalSection
EndGlobal
